{
  "name": "Bitcoin site",
  "lockfileVersion": 2,
  "requires": true,
  "packages": {
    "": {
      "dependencies": {
        "uikit": "^3.14.4-dev.ce706e326"
      }
    },
    "node_modules/uikit": {
      "version": "3.14.4-dev.ce706e326",
      "resolved": "https://registry.npmjs.org/uikit/-/uikit-3.14.4-dev.ce706e326.tgz",
      "integrity": "sha512-OD9/o4RAUQdQ6hJVEkM4cCXivf+uHwbdrrKmlX6cb1MVek95UFmYg48BHUJ7EchcvirfVNbV0iyqbKQOnXRGcA=="
    }
  },
  "dependencies": {
    "uikit": {
      "version": "3.14.4-dev.ce706e326",
      "resolved": "https://registry.npmjs.org/uikit/-/uikit-3.14.4-dev.ce706e326.tgz",
      "integrity": "sha512-OD9/o4RAUQdQ6hJVEkM4cCXivf+uHwbdrrKmlX6cb1MVek95UFmYg48BHUJ7EchcvirfVNbV0iyqbKQOnXRGcA=="
    }
  }
}
